
Microsoft Visual Studio Solution File, Format Version 12.00
# Visual Studio Version 17
VisualStudioVersion = 17.0.31903.59
MinimumVisualStudioVersion = 10.0.40219.1
Project("{2150E333-8FDC-42A3-9474-1A3956D46DE8}") = "src", "src", "{25946FE4-994E-4343-864C-E0C47BD3E6DE}"
EndProject
Project("{2150E333-8FDC-42A3-9474-1A3956D46DE8}") = "tests", "tests", "{E9E159FF-1084-40CB-B024-6A252BFA1B72}"
EndProject
Project("{9A19103F-16F7-4668-BE54-9A1E7A4F7556}") = "TFMS.UI", "src\TFMS.UI\TFMS.UI.csproj", "{19F46811-4656-4E54-BE62-020D7163F655}"
EndProject
Project("{FAE04EC0-301F-11D3-BF4B-00C04F79EFBC}") = "TFMS.Data", "src\TFMS.Data\TFMS.Data.csproj", "{DB139E2B-2B3B-4EEF-AEEC-84D5A5ABE5E5}"
EndProject
Project("{FAE04EC0-301F-11D3-BF4B-00C04F79EFBC}") = "TFMS.Scraper", "src\TFMS.Scraper\TFMS.Scraper.csproj", "{881EED96-746A-4CA3-AE9A-DAC7C6E371C9}"
EndProject
Global
	GlobalSection(SolutionConfigurationPlatforms) = preSolution
		Debug|Any CPU = Debug|Any CPU
		Release|Any CPU = Release|Any CPU
	EndGlobalSection
	GlobalSection(ProjectConfigurationPlatforms) = postSolution
		{19F46811-4656-4E54-BE62-020D7163F655}.Debug|Any CPU.ActiveCfg = Debug|Any CPU
		{19F46811-4656-4E54-BE62-020D7163F655}.Debug|Any CPU.Build.0 = Debug|Any CPU
		{19F46811-4656-4E54-BE62-020D7163F655}.Release|Any CPU.ActiveCfg = Release|Any CPU
		{19F46811-4656-4E54-BE62-020D7163F655}.Release|Any CPU.Build.0 = Release|Any CPU
		{DB139E2B-2B3B-4EEF-AEEC-84D5A5ABE5E5}.Debug|Any CPU.ActiveCfg = Debug|Any CPU
		{DB139E2B-2B3B-4EEF-AEEC-84D5A5ABE5E5}.Debug|Any CPU.Build.0 = Debug|Any CPU
		{DB139E2B-2B3B-4EEF-AEEC-84D5A5ABE5E5}.Release|Any CPU.ActiveCfg = Release|Any CPU
		{DB139E2B-2B3B-4EEF-AEEC-84D5A5ABE5E5}.Release|Any CPU.Build.0 = Release|Any CPU
		{881EED96-746A-4CA3-AE9A-DAC7C6E371C9}.Debug|Any CPU.ActiveCfg = Debug|Any CPU
		{881EED96-746A-4CA3-AE9A-DAC7C6E371C9}.Debug|Any CPU.Build.0 = Debug|Any CPU
		{881EED96-746A-4CA3-AE9A-DAC7C6E371C9}.Release|Any CPU.ActiveCfg = Release|Any CPU
		{881EED96-746A-4CA3-AE9A-DAC7C6E371C9}.Release|Any CPU.Build.0 = Release|Any CPU
	EndGlobalSection
	GlobalSection(SolutionProperties) = preSolution
		HideSolutionNode = FALSE
	EndGlobalSection
	GlobalSection(NestedProjects) = preSolution
		{19F46811-4656-4E54-BE62-020D7163F655} = {25946FE4-994E-4343-864C-E0C47BD3E6DE}
		{DB139E2B-2B3B-4EEF-AEEC-84D5A5ABE5E5} = {25946FE4-994E-4343-864C-E0C47BD3E6DE}
		{881EED96-746A-4CA3-AE9A-DAC7C6E371C9} = {25946FE4-994E-4343-864C-E0C47BD3E6DE}
	EndGlobalSection
	GlobalSection(ExtensibilityGlobals) = postSolution
		SolutionGuid = {FC05409B-9D6D-4A92-B382-90DDA3FF38D1}
	EndGlobalSection
EndGlobal
